schema: '2.0'
stages:
  build_manifest:
    cmd: python -m data_pipeline.build_manifest --image-dir data/raw/images 
      --output data/interim/manifest.csv
    deps:
    - path: data/raw/images
      hash: md5
      md5: 3acdf4914aef2e61b5a1537f51051106.dir
      size: 195191995
      nfiles: 2841
    - path: data_pipeline/build_manifest.py
      hash: md5
      md5: 5e6f0a60e4c0d313ae06bdbf4ac2b37d
      size: 2794
    outs:
    - path: data/interim/manifest.csv
      hash: md5
      md5: bde16275ed655f7a98699281374c03f9
      size: 82195
  audit:
    cmd: python -m data_pipeline.audit --manifest data/interim/manifest.csv 
      --image-dir data/raw/images --mask-dir data/raw/masks --corrected-mask-dir
      data/processed/masks_corrected --output-dir data_pipeline/splits 
      --class-balance-json metrics/class_balance.json --min-dim 32 
      --all-white-thresh 0.995 --near-black-threshold 15 
      --near-black-exclude-thresh 0.7 --val-frac 0.15 --test-frac 0.15 
      --n-buckets 5 --seed 42
    deps:
    - path: data/interim/manifest.csv
      hash: md5
      md5: bde16275ed655f7a98699281374c03f9
      size: 82195
    - path: data/raw/images
      hash: md5
      md5: 3acdf4914aef2e61b5a1537f51051106.dir
      size: 195191995
      nfiles: 2841
    - path: data/raw/masks
      hash: md5
      md5: e03e51d1a88f74af6b97be26fd99d186.dir
      size: 92152627
      nfiles: 2841
    - path: data_pipeline/audit.py
      hash: md5
      md5: 1ec6294bef18b26585d88cac0ccbbf3b
      size: 21468
    outs:
    - path: data/processed/masks_corrected
      hash: md5
      md5: 911f59d19a07efcd853963b07454c2a3.dir
      size: 137694043
      nfiles: 2698
    - path: data_pipeline/splits/mask_correction_report.csv
      hash: md5
      md5: 6815fbffae988f308e7555410ef962d3
      size: 287973
    - path: data_pipeline/splits/test.csv
      hash: md5
      md5: 5c1a5c31c38f65232f9e1f4aa7d69491
      size: 11736
    - path: data_pipeline/splits/train.csv
      hash: md5
      md5: 14691ee6ca45725595c2eb85cc657fd5
      size: 54597
    - path: data_pipeline/splits/val.csv
      hash: md5
      md5: 14a8cf5ee8f95810763609486215d650
      size: 11730
    - path: metrics/class_balance.json
      hash: md5
      md5: 11eb468ed71038b8bfd8cc8dd607a9f8
      size: 1224
  sampling_balance:
    cmd: python -m data_pipeline.measure_sampling --manifest 
      data_pipeline/splits/train.csv --image-dir data/raw/images --mask-dir 
      data/processed/masks_corrected --class-balance-json 
      metrics/class_balance.json --output metrics/sampling_balance.json 
      --n-patches 8000 --patch-size 256 --window-min 64 --window-max 2048 
      --num-workers 1 --seed 42
    deps:
    - path: data/processed/masks_corrected
      hash: md5
      md5: 911f59d19a07efcd853963b07454c2a3.dir
      size: 137694043
      nfiles: 2698
    - path: data_pipeline/measure_sampling.py
      hash: md5
      md5: 5c09fdf4788834d66c530b0bd27412c8
      size: 7633
    - path: data_pipeline/patch_dataset.py
      hash: md5
      md5: 07df0885ed8a037fd1a815e79a48743f
      size: 9477
    - path: data_pipeline/splits/train.csv
      hash: md5
      md5: 14691ee6ca45725595c2eb85cc657fd5
      size: 54597
    - path: metrics/class_balance.json
      hash: md5
      md5: 11eb468ed71038b8bfd8cc8dd607a9f8
      size: 1224
    outs:
    - path: metrics/sampling_balance.json
      hash: md5
      md5: f66d3069b049e253709615e203d4819f
      size: 1899
  tune:
    cmd: python -m training.tune --train-manifest data_pipeline/splits/train.csv
      --val-manifest data_pipeline/splits/val.csv --image-dir data/raw/images 
      --mask-dir data/processed/masks_corrected --checkpoint-dir 
      training/checkpoints_tune/water_body_tuning_deeplabv3plus_mobilenet_v2 
      --tracking-uri sqlite:///training/mlflow.db --experiment-name 
      water_body_segmentation --study-name 
      water_body_tuning_deeplabv3plus_mobilenet_v2 --study-storage 
      sqlite:///training/optuna_study.db --n-trials 1 --epochs 25 
      --pruner-startup-trials 5 --pruner-warmup-epochs 3 --window-min 64 
      --window-max 2048 --patch-size 256 --fg-bias-ratio 0.7 --patches-per-epoch
      8000 --tile-size 384 --overlap 0.25 --num-workers 4 --arch deeplabv3plus 
      --encoder-name mobilenet_v2 --encoder-weights imagenet 
      --decoder-atrous-rates 2 4 6 --lr-min 1e-05 --lr-max 0.001 
      --weight-decay-min 1e-05 --weight-decay-max 0.1 --dropout-min 0.0 
      --dropout-max 0.5 --bce-weight 0.5 --dice-alpha 0.5 --dice-beta 0.5 
      --early-stopping-patience 10 --min-delta 0.001 --lr-patience 5 --seed 42 
      --enqueue-params ''
    deps:
    - path: data/processed/masks_corrected
      hash: md5
      md5: 911f59d19a07efcd853963b07454c2a3.dir
      size: 137694043
      nfiles: 2698
    - path: data_pipeline/splits/train.csv
      hash: md5
      md5: 14691ee6ca45725595c2eb85cc657fd5
      size: 54597
    - path: data_pipeline/splits/val.csv
      hash: md5
      md5: 14a8cf5ee8f95810763609486215d650
      size: 11730
    - path: training/loss.py
      hash: md5
      md5: 0475224f12ed40d0b3afe8f0124c367a
      size: 8452
    - path: training/model.py
      hash: md5
      md5: 7a7cb3664209fc96e700462dd6193853
      size: 15106
    - path: training/train.py
      hash: md5
      md5: c2a2daddacc7a4f648d4a9e3bea3a2e3
      size: 27659
    - path: training/tune.py
      hash: md5
      md5: 1cfc06b6c3709c34723dbc08ec3b1b7b
      size: 13106
    outs:
    - path: training/optuna_study.db
      hash: md5
      md5: 8616529958c6cf14f74bd5e39bf822c3
      size: 131072
  evaluate:
    cmd: python -m training.test_model --test-manifest 
      data_pipeline/splits/test.csv --image-dir data/raw/images --mask-dir 
      data/processed/masks_corrected --tracking-uri sqlite:///training/mlflow.db
      --experiment-name water_body_segmentation --tile-size 384 --overlap 0.25 
      --threshold 0.5 --batch-size 8 --num-workers 0 --num-images 16 --output 
      metrics/predictions_preview.png --metrics-json metrics/test_metrics.json
    deps:
    - path: common/mlflow_utils.py
      hash: md5
      md5: e4afd9779629080b4ea159ee144e723a
      size: 2568
    - path: data/processed/masks_corrected
      hash: md5
      md5: 911f59d19a07efcd853963b07454c2a3.dir
      size: 137694043
      nfiles: 2698
    - path: data_pipeline/splits/test.csv
      hash: md5
      md5: 5c1a5c31c38f65232f9e1f4aa7d69491
      size: 11736
    - path: training/metrics.py
      hash: md5
      md5: 10e2d53a79d9c15fb2df55d7c8fc7140
      size: 4941
    - path: training/optuna_study.db
      hash: md5
      md5: 0a869a69243ac41c2468775d208a6d07
      size: 131072
    - path: training/test_model.py
      hash: md5
      md5: b753051dc9c0a77f92e6303730447368
      size: 9725
    outs:
    - path: metrics/predictions_preview.png
      hash: md5
      md5: efd6f37c9918d13169db851b7eb42f0b
      size: 4874142
    - path: metrics/test_metrics.json
      hash: md5
      md5: e4afd7ea949b7bef224debfee346d793
      size: 415
  export:
    cmd: python -m deployment.export_model --from-alias --tracking-uri 
      sqlite:///training/mlflow.db --experiment-name water_body_segmentation 
      --output-dir deployment/exported_model
    deps:
    - path: common/mlflow_utils.py
      hash: md5
      md5: e4afd9779629080b4ea159ee144e723a
      size: 2568
    - path: deployment/export_model.py
      hash: md5
      md5: a473d58cba0c27844b699171af0d6912
      size: 5615
    - path: deployment/promote_model.py
      hash: md5
      md5: 0b494854b29a4b86135b929d85efe4a3
      size: 9513
    - path: training/optuna_study.db
      hash: md5
      md5: 0a869a69243ac41c2468775d208a6d07
      size: 131072
    outs:
    - path: deployment/exported_model
      hash: md5
      md5: d3cbe5f0cac3ad77a2eafbc5e3842a56.dir
      size: 17825926
      nfiles: 7
